PODS:
  - Alamofire (4.5.0)
  - AlamofireObjectMapper (4.1.0):
    - Alamofire (~> 4.1)
    - ObjectMapper (~> 2.0)
  - DTModelStorage (5.1.0):
    - DTModelStorage/Core (= 5.1.0)
  - DTModelStorage/Core (5.1.0)
  - DTModelStorage/Realm (5.1.0):
    - DTModelStorage/Core
    - RealmSwift (~> 2.0)
  - DTTableViewManager (5.3.0):
    - DTModelStorage (~> 5.0)
  - Eureka (3.0.0)
  - GenericPasswordRow (2.1.0):
    - Eureka (= 3.0)
  - Geth (1.6.5)
  - ObjectMapper (2.2.7)
  - R.swift (3.3.0):
    - R.swift.Library (~> 3.0.2)
  - R.swift.Library (3.0.2)
  - Realm (2.8.3):
    - Realm/Headers (= 2.8.3)
  - Realm/Headers (2.8.3)
  - RealmSwift (2.8.3):
    - Realm (= 2.8.3)

DEPENDENCIES:
  - AlamofireObjectMapper
  - DTModelStorage/Realm
  - DTTableViewManager
  - GenericPasswordRow
  - Geth
  - R.swift
  - RealmSwift

SPEC CHECKSUMS:
  Alamofire: f28cdffd29de33a7bfa022cbd63ae95a27fae140
  AlamofireObjectMapper: 435adc82f5b367679bd9e71c4974a54efd0b2521
  DTModelStorage: 47c56a07c59a5381902b0b10b835d1a83d0ea9f2
  DTTableViewManager: ce8b4e784979787690a2187088f0b77bbfdaa913
  Eureka: f36fd440c3ebb7bfea0a4fbe6f16a05f1cb35906
  GenericPasswordRow: 6e0c3ce243ffe8bcb7ba43f772564ba0f776234b
  Geth: 3b43a111de2480d9e183a2ee34e78371288a09f3
  ObjectMapper: 65abcfd9a61cf7396cbd14a4fb22fddfcc46577e
  R.swift: bde9704d50ff36820f49e266bc88ef545e1e9b36
  R.swift.Library: fbdec16c9802ad104fc1ba53415dc190e6ec5c73
  Realm: 3601ef091c8c499a31101d8563b991e75546cdce
  RealmSwift: 8183818515471b01a99abdd2970f8e4fd52b6f4a

PODFILE CHECKSUM: c3bb997efe3e88921ece011f831a1d42abe9631d

COCOAPODS: 1.1.1
